
Microsoft Visual Studio Solution File, Format Version 12.00
# Visual Studio Version 16
VisualStudioVersion = 16.6.30114.105
MinimumVisualStudioVersion = 10.0.40219.1
Project("{2150E333-8FDC-42A3-9474-1A3956D46DE8}") = "src", "src", "{47E1586F-4AB5-42A1-B6AA-89C9D6A8EE30}"
EndProject
Project("{FAE04EC0-301F-11D3-BF4B-00C04F79EFBC}") = "BabySteps.API", "src\BabySteps.API\BabySteps.API.csproj", "{E6DFBA23-D3AD-41CA-AA92-08AB9CED4C30}"
EndProject
Project("{FAE04EC0-301F-11D3-BF4B-00C04F79EFBC}") = "BabySteps.Domain", "src\BabySteps.Domain\BabySteps.Domain.csproj", "{6AA94780-C8A7-416F-8405-B4F222FDB56A}"
EndProject
Project("{FAE04EC0-301F-11D3-BF4B-00C04F79EFBC}") = "BabySteps.Application", "src\BabySteps.Application\BabySteps.Application.csproj", "{886E141A-C59F-4BCA-AE2F-937C59114D8D}"
EndProject
Project("{FAE04EC0-301F-11D3-BF4B-00C04F79EFBC}") = "BabySteps.Persistance", "src\BabySteps.Persistance\BabySteps.Persistance.csproj", "{16401CCF-235E-453A-A50C-DA9101B135A0}"
EndProject
Global
	GlobalSection(SolutionConfigurationPlatforms) = preSolution
		Debug|Any CPU = Debug|Any CPU
		Debug|x64 = Debug|x64
		Debug|x86 = Debug|x86
		Release|Any CPU = Release|Any CPU
		Release|x64 = Release|x64
		Release|x86 = Release|x86
	EndGlobalSection
	GlobalSection(SolutionProperties) = preSolution
		HideSolutionNode = FALSE
	EndGlobalSection
	GlobalSection(ProjectConfigurationPlatforms) = postSolution
		{E6DFBA23-D3AD-41CA-AA92-08AB9CED4C30}.Debug|Any CPU.ActiveCfg = Debug|Any CPU
		{E6DFBA23-D3AD-41CA-AA92-08AB9CED4C30}.Debug|Any CPU.Build.0 = Debug|Any CPU
		{E6DFBA23-D3AD-41CA-AA92-08AB9CED4C30}.Debug|x64.ActiveCfg = Debug|Any CPU
		{E6DFBA23-D3AD-41CA-AA92-08AB9CED4C30}.Debug|x64.Build.0 = Debug|Any CPU
		{E6DFBA23-D3AD-41CA-AA92-08AB9CED4C30}.Debug|x86.ActiveCfg = Debug|Any CPU
		{E6DFBA23-D3AD-41CA-AA92-08AB9CED4C30}.Debug|x86.Build.0 = Debug|Any CPU
		{E6DFBA23-D3AD-41CA-AA92-08AB9CED4C30}.Release|Any CPU.ActiveCfg = Release|Any CPU
		{E6DFBA23-D3AD-41CA-AA92-08AB9CED4C30}.Release|Any CPU.Build.0 = Release|Any CPU
		{E6DFBA23-D3AD-41CA-AA92-08AB9CED4C30}.Release|x64.ActiveCfg = Release|Any CPU
		{E6DFBA23-D3AD-41CA-AA92-08AB9CED4C30}.Release|x64.Build.0 = Release|Any CPU
		{E6DFBA23-D3AD-41CA-AA92-08AB9CED4C30}.Release|x86.ActiveCfg = Release|Any CPU
		{E6DFBA23-D3AD-41CA-AA92-08AB9CED4C30}.Release|x86.Build.0 = Release|Any CPU
		{6AA94780-C8A7-416F-8405-B4F222FDB56A}.Debug|Any CPU.ActiveCfg = Debug|Any CPU
		{6AA94780-C8A7-416F-8405-B4F222FDB56A}.Debug|Any CPU.Build.0 = Debug|Any CPU
		{6AA94780-C8A7-416F-8405-B4F222FDB56A}.Debug|x64.ActiveCfg = Debug|Any CPU
		{6AA94780-C8A7-416F-8405-B4F222FDB56A}.Debug|x64.Build.0 = Debug|Any CPU
		{6AA94780-C8A7-416F-8405-B4F222FDB56A}.Debug|x86.ActiveCfg = Debug|Any CPU
		{6AA94780-C8A7-416F-8405-B4F222FDB56A}.Debug|x86.Build.0 = Debug|Any CPU
		{6AA94780-C8A7-416F-8405-B4F222FDB56A}.Release|Any CPU.ActiveCfg = Release|Any CPU
		{6AA94780-C8A7-416F-8405-B4F222FDB56A}.Release|Any CPU.Build.0 = Release|Any CPU
		{6AA94780-C8A7-416F-8405-B4F222FDB56A}.Release|x64.ActiveCfg = Release|Any CPU
		{6AA94780-C8A7-416F-8405-B4F222FDB56A}.Release|x64.Build.0 = Release|Any CPU
		{6AA94780-C8A7-416F-8405-B4F222FDB56A}.Release|x86.ActiveCfg = Release|Any CPU
		{6AA94780-C8A7-416F-8405-B4F222FDB56A}.Release|x86.Build.0 = Release|Any CPU
		{886E141A-C59F-4BCA-AE2F-937C59114D8D}.Debug|Any CPU.ActiveCfg = Debug|Any CPU
		{886E141A-C59F-4BCA-AE2F-937C59114D8D}.Debug|Any CPU.Build.0 = Debug|Any CPU
		{886E141A-C59F-4BCA-AE2F-937C59114D8D}.Debug|x64.ActiveCfg = Debug|Any CPU
		{886E141A-C59F-4BCA-AE2F-937C59114D8D}.Debug|x64.Build.0 = Debug|Any CPU
		{886E141A-C59F-4BCA-AE2F-937C59114D8D}.Debug|x86.ActiveCfg = Debug|Any CPU
		{886E141A-C59F-4BCA-AE2F-937C59114D8D}.Debug|x86.Build.0 = Debug|Any CPU
		{886E141A-C59F-4BCA-AE2F-937C59114D8D}.Release|Any CPU.ActiveCfg = Release|Any CPU
		{886E141A-C59F-4BCA-AE2F-937C59114D8D}.Release|Any CPU.Build.0 = Release|Any CPU
		{886E141A-C59F-4BCA-AE2F-937C59114D8D}.Release|x64.ActiveCfg = Release|Any CPU
		{886E141A-C59F-4BCA-AE2F-937C59114D8D}.Release|x64.Build.0 = Release|Any CPU
		{886E141A-C59F-4BCA-AE2F-937C59114D8D}.Release|x86.ActiveCfg = Release|Any CPU
		{886E141A-C59F-4BCA-AE2F-937C59114D8D}.Release|x86.Build.0 = Release|Any CPU
		{16401CCF-235E-453A-A50C-DA9101B135A0}.Debug|Any CPU.ActiveCfg = Debug|Any CPU
		{16401CCF-235E-453A-A50C-DA9101B135A0}.Debug|Any CPU.Build.0 = Debug|Any CPU
		{16401CCF-235E-453A-A50C-DA9101B135A0}.Debug|x64.ActiveCfg = Debug|Any CPU
		{16401CCF-235E-453A-A50C-DA9101B135A0}.Debug|x64.Build.0 = Debug|Any CPU
		{16401CCF-235E-453A-A50C-DA9101B135A0}.Debug|x86.ActiveCfg = Debug|Any CPU
		{16401CCF-235E-453A-A50C-DA9101B135A0}.Debug|x86.Build.0 = Debug|Any CPU
		{16401CCF-235E-453A-A50C-DA9101B135A0}.Release|Any CPU.ActiveCfg = Release|Any CPU
		{16401CCF-235E-453A-A50C-DA9101B135A0}.Release|Any CPU.Build.0 = Release|Any CPU
		{16401CCF-235E-453A-A50C-DA9101B135A0}.Release|x64.ActiveCfg = Release|Any CPU
		{16401CCF-235E-453A-A50C-DA9101B135A0}.Release|x64.Build.0 = Release|Any CPU
		{16401CCF-235E-453A-A50C-DA9101B135A0}.Release|x86.ActiveCfg = Release|Any CPU
		{16401CCF-235E-453A-A50C-DA9101B135A0}.Release|x86.Build.0 = Release|Any CPU
	EndGlobalSection
	GlobalSection(NestedProjects) = preSolution
		{E6DFBA23-D3AD-41CA-AA92-08AB9CED4C30} = {47E1586F-4AB5-42A1-B6AA-89C9D6A8EE30}
		{6AA94780-C8A7-416F-8405-B4F222FDB56A} = {47E1586F-4AB5-42A1-B6AA-89C9D6A8EE30}
		{886E141A-C59F-4BCA-AE2F-937C59114D8D} = {47E1586F-4AB5-42A1-B6AA-89C9D6A8EE30}
		{16401CCF-235E-453A-A50C-DA9101B135A0} = {47E1586F-4AB5-42A1-B6AA-89C9D6A8EE30}
	EndGlobalSection
EndGlobal
